
Microsoft Visual Studio Solution File, Format Version 12.00
# Visual Studio 15
VisualStudioVersion = 15.0.28307.168
MinimumVisualStudioVersion = 10.0.40219.1
Project("{FAE04EC0-301F-11D3-BF4B-00C04F79EFBC}") = "Forge", "Forge\Forge.csproj", "{611000A1-8CF0-44BB-ABE1-0B8EE4BE4EFB}"
EndProject
Global
	GlobalSection(SolutionConfigurationPlatforms) = preSolution
		Debug|Any CPU = Debug|Any CPU
		Release|Any CPU = Release|Any CPU
	EndGlobalSection
	GlobalSection(ProjectConfigurationPlatforms) = postSolution
		{611000A1-8CF0-44BB-ABE1-0B8EE4BE4EFB}.Debug|Any CPU.ActiveCfg = Debug|Any CPU
		{611000A1-8CF0-44BB-ABE1-0B8EE4BE4EFB}.Debug|Any CPU.Build.0 = Debug|Any CPU
		{611000A1-8CF0-44BB-ABE1-0B8EE4BE4EFB}.Release|Any CPU.ActiveCfg = Release|Any CPU
		{611000A1-8CF0-44BB-ABE1-0B8EE4BE4EFB}.Release|Any CPU.Build.0 = Release|Any CPU
	EndGlobalSection
	GlobalSection(SolutionProperties) = preSolution
		HideSolutionNode = FALSE
	EndGlobalSection
	GlobalSection(ExtensibilityGlobals) = postSolution
		SolutionGuid = {7017A7CA-6320-4F83-A9F2-D07AD846F030}
	EndGlobalSection
EndGlobal
